
Microsoft Visual Studio Solution File, Format Version 12.00
# Visual Studio Version 17
VisualStudioVersion = 17.5.002.0
MinimumVisualStudioVersion = 10.0.40219.1
Project("{9A19103F-16F7-4668-BE54-9A1E7A4F7556}") = "Example1", "Example1\Example1.csproj", "{3C63E655-2BD6-4B2A-8991-4AD056BFC60C}"
EndProject
Project("{9A19103F-16F7-4668-BE54-9A1E7A4F7556}") = "Example2", "Example2\Example2.csproj", "{14B22E6C-A052-47BF-AC36-BA2AE9578D66}"
EndProject
Project("{9A19103F-16F7-4668-BE54-9A1E7A4F7556}") = "Example3", "Example3\Example3.csproj", "{F3FEAEC1-5B8D-470B-871B-3AAF3F0E3B53}"
EndProject
Project("{9A19103F-16F7-4668-BE54-9A1E7A4F7556}") = "Example4", "Example4\Example4.csproj", "{125AD230-F036-404F-9FA4-A8FCE2D2459E}"
EndProject
Global
	GlobalSection(SolutionConfigurationPlatforms) = preSolution
		Debug|Any CPU = Debug|Any CPU
		Release|Any CPU = Release|Any CPU
	EndGlobalSection
	GlobalSection(ProjectConfigurationPlatforms) = postSolution
		{3C63E655-2BD6-4B2A-8991-4AD056BFC60C}.Debug|Any CPU.ActiveCfg = Debug|Any CPU
		{3C63E655-2BD6-4B2A-8991-4AD056BFC60C}.Debug|Any CPU.Build.0 = Debug|Any CPU
		{3C63E655-2BD6-4B2A-8991-4AD056BFC60C}.Release|Any CPU.ActiveCfg = Release|Any CPU
		{3C63E655-2BD6-4B2A-8991-4AD056BFC60C}.Release|Any CPU.Build.0 = Release|Any CPU
		{14B22E6C-A052-47BF-AC36-BA2AE9578D66}.Debug|Any CPU.ActiveCfg = Debug|Any CPU
		{14B22E6C-A052-47BF-AC36-BA2AE9578D66}.Debug|Any CPU.Build.0 = Debug|Any CPU
		{14B22E6C-A052-47BF-AC36-BA2AE9578D66}.Release|Any CPU.ActiveCfg = Release|Any CPU
		{14B22E6C-A052-47BF-AC36-BA2AE9578D66}.Release|Any CPU.Build.0 = Release|Any CPU
		{F3FEAEC1-5B8D-470B-871B-3AAF3F0E3B53}.Debug|Any CPU.ActiveCfg = Debug|Any CPU
		{F3FEAEC1-5B8D-470B-871B-3AAF3F0E3B53}.Debug|Any CPU.Build.0 = Debug|Any CPU
		{F3FEAEC1-5B8D-470B-871B-3AAF3F0E3B53}.Release|Any CPU.ActiveCfg = Release|Any CPU
		{F3FEAEC1-5B8D-470B-871B-3AAF3F0E3B53}.Release|Any CPU.Build.0 = Release|Any CPU
		{125AD230-F036-404F-9FA4-A8FCE2D2459E}.Debug|Any CPU.ActiveCfg = Debug|Any CPU
		{125AD230-F036-404F-9FA4-A8FCE2D2459E}.Debug|Any CPU.Build.0 = Debug|Any CPU
		{125AD230-F036-404F-9FA4-A8FCE2D2459E}.Release|Any CPU.ActiveCfg = Release|Any CPU
		{125AD230-F036-404F-9FA4-A8FCE2D2459E}.Release|Any CPU.Build.0 = Release|Any CPU
	EndGlobalSection
	GlobalSection(SolutionProperties) = preSolution
		HideSolutionNode = FALSE
	EndGlobalSection
	GlobalSection(ExtensibilityGlobals) = postSolution
		SolutionGuid = {B748CC7A-92DF-401A-8C6C-32469637B064}
	EndGlobalSection
EndGlobal
